
Microsoft Visual Studio Solution File, Format Version 12.00
# Visual Studio Version 17
VisualStudioVersion = 17.1.32328.378
MinimumVisualStudioVersion = 10.0.40219.1
Project("{FAE04EC0-301F-11D3-BF4B-00C04F79EFBC}") = "ApiFilm", "ApiFilm\ApiFilm.csproj", "{12269373-C7B8-4836-B15E-09FF20D6A27D}"
EndProject
Global
	GlobalSection(SolutionConfigurationPlatforms) = preSolution
		Debug|Any CPU = Debug|Any CPU
		Release|Any CPU = Release|Any CPU
	EndGlobalSection
	GlobalSection(ProjectConfigurationPlatforms) = postSolution
		{12269373-C7B8-4836-B15E-09FF20D6A27D}.Debug|Any CPU.ActiveCfg = Debug|Any CPU
		{12269373-C7B8-4836-B15E-09FF20D6A27D}.Debug|Any CPU.Build.0 = Debug|Any CPU
		{12269373-C7B8-4836-B15E-09FF20D6A27D}.Release|Any CPU.ActiveCfg = Release|Any CPU
		{12269373-C7B8-4836-B15E-09FF20D6A27D}.Release|Any CPU.Build.0 = Release|Any CPU
	EndGlobalSection
	GlobalSection(SolutionProperties) = preSolution
		HideSolutionNode = FALSE
	EndGlobalSection
	GlobalSection(ExtensibilityGlobals) = postSolution
		SolutionGuid = {F59449BB-518A-4753-BD22-F39C8D7374CF}
	EndGlobalSection
EndGlobal
